
Microsoft Visual Studio Solution File, Format Version 12.00
# Visual Studio Version 17
VisualStudioVersion = 17.6.33723.286
MinimumVisualStudioVersion = 10.0.40219.1
Project("{FAE04EC0-301F-11D3-BF4B-00C04F79EFBC}") = "Database.PostgreSQL", "Database.PostgreSQL\Database.PostgreSQL.csproj", "{148112FB-9DE8-4E4D-AF99-3011BA535AFC}"
EndProject
Global
	GlobalSection(SolutionConfigurationPlatforms) = preSolution
		Debug|Any CPU = Debug|Any CPU
		Release|Any CPU = Release|Any CPU
	EndGlobalSection
	GlobalSection(ProjectConfigurationPlatforms) = postSolution
		{148112FB-9DE8-4E4D-AF99-3011BA535AFC}.Debug|Any CPU.ActiveCfg = Debug|Any CPU
		{148112FB-9DE8-4E4D-AF99-3011BA535AFC}.Debug|Any CPU.Build.0 = Debug|Any CPU
		{148112FB-9DE8-4E4D-AF99-3011BA535AFC}.Release|Any CPU.ActiveCfg = Release|Any CPU
		{148112FB-9DE8-4E4D-AF99-3011BA535AFC}.Release|Any CPU.Build.0 = Release|Any CPU
	EndGlobalSection
	GlobalSection(SolutionProperties) = preSolution
		HideSolutionNode = FALSE
	EndGlobalSection
	GlobalSection(ExtensibilityGlobals) = postSolution
		SolutionGuid = {428A878D-57B6-4B05-A0C2-D7185779EFDF}
	EndGlobalSection
EndGlobal
